<?xml version="1.0" encoding="utf-8"?>
<Project ToolsVersion="4.0" xmlns="http://schemas.microsoft.com/developer/msbuild/2003">
  <ItemGroup>
    <Filter Include="소스 파일">
      <UniqueIdentifier>{4FC737F1-C7A5-4376-A066-2A32D752A2FF}</UniqueIdentifier>
      <Extensions>cpp;c;cc;cxx;def;odl;idl;hpj;bat;asm;asmx</Extensions>
    </Filter>
    <Filter Include="헤더 파일">
      <UniqueIdentifier>{93995380-89BD-4b04-88EB-625FBE52EBFB}</UniqueIdentifier>
      <Extensions>h;hh;hpp;hxx;hm;inl;inc;ipp;xsd</Extensions>
    </Filter>
    <Filter Include="리소스 파일">
      <UniqueIdentifier>{67DA6AB6-F800-4c08-8B7A-83BB121AAD01}</UniqueIdentifier>
      <Extensions>rc;ico;cur;bmp;dlg;rc2;rct;bin;rgs;gif;jpg;jpeg;jpe;resx;tiff;tif;png;wav;mfcribbon-ms</Extensions>
    </Filter>
    <Filter Include="Dx2D Framework">
      <UniqueIdentifier>{cf0f9737-e0c6-4fac-8a88-d2fb5acfb2b7}</UniqueIdentifier>
    </Filter>
    <Filter Include="Dx2D Framework\1. MainClasses">
      <UniqueIdentifier>{bb3000f2-faee-45d4-b318-13eae14e95b2}</UniqueIdentifier>
    </Filter>
    <Filter Include="Dx2D Framework\0. ShaderFiles">
      <UniqueIdentifier>{62e78e75-1636-4ef7-8e74-be06a6887802}</UniqueIdentifier>
    </Filter>
    <Filter Include="Dx2D Framework\2.Manager">
      <UniqueIdentifier>{bb0e66bc-f683-4e2e-ac6b-3ddbe9a815a7}</UniqueIdentifier>
    </Filter>
    <Filter Include="Dx2D Framework\1. MainClasses\Scene">
      <UniqueIdentifier>{002e166d-c0b6-4b64-9025-5fd1a0af917a}</UniqueIdentifier>
    </Filter>
    <Filter Include="Dx2D Framework\2.Manager\Rectangle_Class">
      <UniqueIdentifier>{35f5f96b-4e02-49b4-85dd-dde34b6c6274}</UniqueIdentifier>
    </Filter>
    <Filter Include="Dx2D Framework\2.Manager\ETC">
      <UniqueIdentifier>{68aad295-9cbb-43bb-8b96-a0f330de55e8}</UniqueIdentifier>
    </Filter>
    <Filter Include="Dx2D Framework\1. MainClasses\Scene\Complete">
      <UniqueIdentifier>{ba0a2fc8-192a-4033-b230-c0f9cb87b2d3}</UniqueIdentifier>
    </Filter>
    <Filter Include="Dx2D Framework\0. ShaderFiles\ShaderClass">
      <UniqueIdentifier>{0f7f93e0-0485-4df7-aa4f-322843e8d396}</UniqueIdentifier>
    </Filter>
    <Filter Include="Dx2D Framework\2.Manager\Sprite">
      <UniqueIdentifier>{8e3c7c0b-a8cc-4695-94b0-7e6a7f321ed8}</UniqueIdentifier>
    </Filter>
    <Filter Include="Dx2D Framework\2.Manager\Manager">
      <UniqueIdentifier>{4d5fd22d-7627-4aa7-b724-36e4d06ed008}</UniqueIdentifier>
    </Filter>
    <Filter Include="Dx2D Framework\2.Manager\Manager\Ellipse">
      <UniqueIdentifier>{9b3a9e2f-2f55-4d00-b3f8-773fad5997ba}</UniqueIdentifier>
    </Filter>
    <Filter Include="소스 파일\TacDoll">
      <UniqueIdentifier>{c8e764b3-46c4-459d-9972-dd9911abbe31}</UniqueIdentifier>
    </Filter>
    <Filter Include="소스 파일\TacDoll\SNV">
      <UniqueIdentifier>{4934f14f-05d5-4a41-b42a-d59df05d31fd}</UniqueIdentifier>
    </Filter>
    <Filter Include="소스 파일\TacDoll\GRF">
      <UniqueIdentifier>{8d1304e4-a1d2-4a47-a971-529e7b2f16e8}</UniqueIdentifier>
    </Filter>
    <Filter Include="Dx2D Framework\2.Manager\Manager\Motion">
      <UniqueIdentifier>{993e1615-5ef7-49f5-936e-c52b28799c42}</UniqueIdentifier>
    </Filter>
    <Filter Include="Dx2D Framework\2.Manager\Manager\Sound">
      <UniqueIdentifier>{466f9875-ff1f-4ae8-bbca-e80888030962}</UniqueIdentifier>
    </Filter>
    <Filter Include="Dx2D Framework\2.Manager\Manager\Bullet">
      <UniqueIdentifier>{c9607ae7-41bb-4387-ab42-b126accb5d90}</UniqueIdentifier>
    </Filter>
    <Filter Include="소스 파일\TacDoll\GRF\_BASE">
      <UniqueIdentifier>{e7770c9e-3e1b-439e-b654-b2b615e7144d}</UniqueIdentifier>
    </Filter>
    <Filter Include="소스 파일\TacDoll\GRF\UNIT">
      <UniqueIdentifier>{b6dc8fee-406f-4b55-813c-a39d81ab2369}</UniqueIdentifier>
    </Filter>
    <Filter Include="소스 파일\TacDoll\GRF\UNIT\AR">
      <UniqueIdentifier>{cfe2983a-69b2-4b8b-950d-2ff201f5077c}</UniqueIdentifier>
    </Filter>
    <Filter Include="소스 파일\TacDoll\GRF\UNIT\SG">
      <UniqueIdentifier>{d1cb145a-71e2-42cd-a8dd-21efc246d347}</UniqueIdentifier>
    </Filter>
    <Filter Include="소스 파일\TacDoll\GRF\UNIT\SR">
      <UniqueIdentifier>{6135ddb5-d4ff-4f5b-8cc9-9d5e37cac92c}</UniqueIdentifier>
    </Filter>
    <Filter Include="소스 파일\TacDoll\GRF\UNIT\SMG">
      <UniqueIdentifier>{7e7b17ab-debd-4f8a-bd8c-74ea77c0ce6c}</UniqueIdentifier>
    </Filter>
    <Filter Include="소스 파일\TacDoll\GRF\UNIT\DMR">
      <UniqueIdentifier>{939b8a6b-a066-419b-8dc4-979613ee7088}</UniqueIdentifier>
    </Filter>
    <Filter Include="소스 파일\TacDoll\GRF\UNIT\HG">
      <UniqueIdentifier>{15993fff-677a-4313-9067-4edebcbd0746}</UniqueIdentifier>
    </Filter>
    <Filter Include="소스 파일\TacDoll\_BASE">
      <UniqueIdentifier>{29e27391-60be-4c9a-9c0f-d4f8ac9c6176}</UniqueIdentifier>
    </Filter>
    <Filter Include="소스 파일\TacDoll\SNV\_BASE">
      <UniqueIdentifier>{dae1307d-7a3a-4839-99df-42a1ec3322d2}</UniqueIdentifier>
    </Filter>
    <Filter Include="소스 파일\TacDoll\SNV\UNIT">
      <UniqueIdentifier>{87ca399d-bd2d-4505-a33f-a2a3f08b2a62}</UniqueIdentifier>
    </Filter>
    <Filter Include="Dx2D Framework\2.Manager\Manager\Effect">
      <UniqueIdentifier>{01e5676e-d12c-4090-8057-ea4c991b380b}</UniqueIdentifier>
    </Filter>
    <Filter Include="Dx2D Framework\2.Manager\Smoke">
      <UniqueIdentifier>{1c3efd91-cab0-4e44-81d7-af35dc0e2fd5}</UniqueIdentifier>
    </Filter>
    <Filter Include="헤더 파일\_UNUSED">
      <UniqueIdentifier>{7e8fc082-c859-4a70-a276-b0fd140b832b}</UniqueIdentifier>
    </Filter>
    <Filter Include="헤더 파일\_MAIN_">
      <UniqueIdentifier>{90a0450f-9dbb-4ea2-87a2-d76f2e1c948b}</UniqueIdentifier>
    </Filter>
    <Filter Include="헤더 파일\FIXING">
      <UniqueIdentifier>{b610967e-1f92-4d5e-927b-657a2e038f3b}</UniqueIdentifier>
    </Filter>
    <Filter Include="소스 파일\_NEW">
      <UniqueIdentifier>{d18c2f92-3588-4e07-b32f-d93d083c307a}</UniqueIdentifier>
    </Filter>
  </ItemGroup>
  <ItemGroup>
    <ClInclude Include="DXRect.h">
      <Filter>Dx2D Framework\2.Manager\Rectangle_Class</Filter>
    </ClInclude>
    <ClInclude Include="GameNode.h">
      <Filter>Dx2D Framework\2.Manager</Filter>
    </ClInclude>
    <ClInclude Include="KeyManager.h">
      <Filter>Dx2D Framework\2.Manager\ETC</Filter>
    </ClInclude>
    <ClInclude Include="Scene.h">
      <Filter>Dx2D Framework\2.Manager\ETC</Filter>
    </ClInclude>
    <ClInclude Include="SceneManager.h">
      <Filter>Dx2D Framework\2.Manager\ETC</Filter>
    </ClInclude>
    <ClInclude Include="singleton.h">
      <Filter>Dx2D Framework\2.Manager\ETC</Filter>
    </ClInclude>
    <ClInclude Include="TimeManager.h">
      <Filter>Dx2D Framework\2.Manager\ETC</Filter>
    </ClInclude>
    <ClInclude Include="Timer.h">
      <Filter>Dx2D Framework\2.Manager\ETC</Filter>
    </ClInclude>
    <ClInclude Include="SceneBind.h">
      <Filter>Dx2D Framework\1. MainClasses\Scene</Filter>
    </ClInclude>
    <ClInclude Include="MainGame.h">
      <Filter>Dx2D Framework\1. MainClasses\Scene</Filter>
    </ClInclude>
    <ClInclude Include="TestScene.h">
      <Filter>Dx2D Framework\1. MainClasses\Scene</Filter>
    </ClInclude>
    <ClInclude Include="SoundManager.h">
      <Filter>Dx2D Framework\2.Manager\Manager\Sound</Filter>
    </ClInclude>
    <ClInclude Include="NTW_20.h">
      <Filter>소스 파일\_NEW</Filter>
    </ClInclude>
    <ClInclude Include="DXCircle.h">
      <Filter>Dx2D Framework\2.Manager\Rectangle_Class</Filter>
    </ClInclude>
    <ClInclude Include="ShaderManager.h">
      <Filter>Dx2D Framework\0. ShaderFiles\ShaderClass</Filter>
    </ClInclude>
    <ClInclude Include="Shader.h">
      <Filter>Dx2D Framework\0. ShaderFiles\ShaderClass</Filter>
    </ClInclude>
    <ClInclude Include="MotionManager.h">
      <Filter>Dx2D Framework\2.Manager\Manager\Motion</Filter>
    </ClInclude>
    <ClInclude Include="Motion.h">
      <Filter>Dx2D Framework\2.Manager\Manager\Motion</Filter>
    </ClInclude>
    <ClInclude Include="Image.h">
      <Filter>Dx2D Framework\2.Manager\Sprite</Filter>
    </ClInclude>
    <ClInclude Include="FrameImage.h">
      <Filter>Dx2D Framework\2.Manager\Sprite</Filter>
    </ClInclude>
    <ClInclude Include="MainLoadScene.h">
      <Filter>Dx2D Framework\1. MainClasses\Scene</Filter>
    </ClInclude>
    <ClInclude Include="LoadScene.h">
      <Filter>Dx2D Framework\1. MainClasses\Scene</Filter>
    </ClInclude>
    <ClInclude Include="LoadManager.h">
      <Filter>Dx2D Framework\2.Manager\Manager</Filter>
    </ClInclude>
    <ClInclude Include="ImageManager.h">
      <Filter>Dx2D Framework\2.Manager\Manager</Filter>
    </ClInclude>
    <ClInclude Include="BattleDataBase.h">
      <Filter>소스 파일\_NEW</Filter>
    </ClInclude>
    <ClInclude Include="EllipseCol.h">
      <Filter>Dx2D Framework\2.Manager\Manager\Ellipse</Filter>
    </ClInclude>
    <ClInclude Include="EllipseBase.h">
      <Filter>Dx2D Framework\2.Manager\Manager\Ellipse</Filter>
    </ClInclude>
    <ClInclude Include="Bullet.h">
      <Filter>Dx2D Framework\2.Manager\Manager\Bullet</Filter>
    </ClInclude>
    <ClInclude Include="BulletManager.h">
      <Filter>Dx2D Framework\2.Manager\Manager\Bullet</Filter>
    </ClInclude>
    <ClInclude Include="GriffonDoll.h">
      <Filter>소스 파일\TacDoll\GRF\_BASE</Filter>
    </ClInclude>
    <ClInclude Include="IOPtacDollType.h">
      <Filter>소스 파일\TacDoll\GRF\_BASE</Filter>
    </ClInclude>
    <ClInclude Include="IOPtaticDoll.h">
      <Filter>소스 파일\TacDoll\GRF\_BASE</Filter>
    </ClInclude>
    <ClInclude Include="NTW20.h">
      <Filter>소스 파일\TacDoll\GRF\UNIT\SR</Filter>
    </ClInclude>
    <ClInclude Include="FNFAL.h">
      <Filter>소스 파일\TacDoll\GRF\UNIT\AR</Filter>
    </ClInclude>
    <ClInclude Include="TaticDollBase.h">
      <Filter>소스 파일\TacDoll\_BASE</Filter>
    </ClInclude>
    <ClInclude Include="SquadManager.h">
      <Filter>소스 파일\TacDoll\_BASE</Filter>
    </ClInclude>
    <ClInclude Include="SNVtacDoll.h">
      <Filter>소스 파일\TacDoll\SNV\_BASE</Filter>
    </ClInclude>
    <ClInclude Include="SNVtacDollType.h">
      <Filter>소스 파일\TacDoll\SNV\_BASE</Filter>
    </ClInclude>
    <ClInclude Include="Jaeger.h">
      <Filter>소스 파일\TacDoll\SNV\UNIT</Filter>
    </ClInclude>
    <ClInclude Include="Effect.h">
      <Filter>Dx2D Framework\2.Manager\Manager\Effect</Filter>
    </ClInclude>
    <ClInclude Include="EffectManager.h">
      <Filter>Dx2D Framework\2.Manager\Manager\Effect</Filter>
    </ClInclude>
    <ClInclude Include="SmokeBase.h">
      <Filter>Dx2D Framework\2.Manager\Smoke</Filter>
    </ClInclude>
    <ClInclude Include="Resource.h">
      <Filter>헤더 파일\_UNUSED</Filter>
    </ClInclude>
    <ClInclude Include="Dx11_2D.h">
      <Filter>헤더 파일\_UNUSED</Filter>
    </ClInclude>
    <ClInclude Include="targetver.h">
      <Filter>헤더 파일\_UNUSED</Filter>
    </ClInclude>
    <ClInclude Include="stdafx.h">
      <Filter>헤더 파일\_MAIN_</Filter>
    </ClInclude>
    <ClInclude Include="util.h">
      <Filter>헤더 파일\_MAIN_</Filter>
    </ClInclude>
    <ClInclude Include="dxComponent.h">
      <Filter>헤더 파일\_MAIN_</Filter>
    </ClInclude>
    <ClInclude Include="Player.h">
      <Filter>소스 파일\_NEW</Filter>
    </ClInclude>
    <ClInclude Include="Direct2DManager.h">
      <Filter>헤더 파일\FIXING</Filter>
    </ClInclude>
    <ClInclude Include="StoryScene.h">
      <Filter>헤더 파일\FIXING</Filter>
    </ClInclude>
    <ClInclude Include="TextBase.h">
      <Filter>헤더 파일\FIXING</Filter>
    </ClInclude>
    <ClInclude Include="TextManager.h">
      <Filter>헤더 파일\FIXING</Filter>
    </ClInclude>
    <ClInclude Include="VisualBar.h">
      <Filter>헤더 파일\FIXING</Filter>
    </ClInclude>
    <ClInclude Include="ARCHITECT.h">
      <Filter>헤더 파일</Filter>
    </ClInclude>
  </ItemGroup>
  <ItemGroup>
    <ClCompile Include="DXRect.cpp">
      <Filter>Dx2D Framework\2.Manager\Rectangle_Class</Filter>
    </ClCompile>
    <ClCompile Include="KeyManager.cpp">
      <Filter>Dx2D Framework\2.Manager\ETC</Filter>
    </ClCompile>
    <ClCompile Include="Scene.cpp">
      <Filter>Dx2D Framework\2.Manager\ETC</Filter>
    </ClCompile>
    <ClCompile Include="SceneManager.cpp">
      <Filter>Dx2D Framework\2.Manager\ETC</Filter>
    </ClCompile>
    <ClCompile Include="TimeManager.cpp">
      <Filter>Dx2D Framework\2.Manager\ETC</Filter>
    </ClCompile>
    <ClCompile Include="Timer.cpp">
      <Filter>Dx2D Framework\2.Manager\ETC</Filter>
    </ClCompile>
    <ClCompile Include="MainGame.cpp">
      <Filter>Dx2D Framework\1. MainClasses\Scene</Filter>
    </ClCompile>
    <ClCompile Include="TestScene.cpp">
      <Filter>Dx2D Framework\1. MainClasses\Scene</Filter>
    </ClCompile>
    <ClCompile Include="SoundManager.cpp">
      <Filter>Dx2D Framework\2.Manager\Manager\Sound</Filter>
    </ClCompile>
    <ClCompile Include="NTW_20.cpp">
      <Filter>소스 파일\_NEW</Filter>
    </ClCompile>
    <ClCompile Include="DXCircle.cpp">
      <Filter>Dx2D Framework\2.Manager\Rectangle_Class</Filter>
    </ClCompile>
    <ClCompile Include="Shader.cpp">
      <Filter>Dx2D Framework\0. ShaderFiles\ShaderClass</Filter>
    </ClCompile>
    <ClCompile Include="ShaderManager.cpp">
      <Filter>Dx2D Framework\0. ShaderFiles\ShaderClass</Filter>
    </ClCompile>
    <ClCompile Include="Motion.cpp">
      <Filter>Dx2D Framework\2.Manager\Manager\Motion</Filter>
    </ClCompile>
    <ClCompile Include="MotionManager.cpp">
      <Filter>Dx2D Framework\2.Manager\Manager\Motion</Filter>
    </ClCompile>
    <ClCompile Include="FrameImage.cpp">
      <Filter>Dx2D Framework\2.Manager\Sprite</Filter>
    </ClCompile>
    <ClCompile Include="Image.cpp">
      <Filter>Dx2D Framework\2.Manager\Sprite</Filter>
    </ClCompile>
    <ClCompile Include="LoadManager.cpp">
      <Filter>Dx2D Framework\2.Manager\Manager</Filter>
    </ClCompile>
    <ClCompile Include="LoadScene.cpp">
      <Filter>Dx2D Framework\1. MainClasses\Scene</Filter>
    </ClCompile>
    <ClCompile Include="MainLoadScene.cpp">
      <Filter>Dx2D Framework\1. MainClasses\Scene</Filter>
    </ClCompile>
    <ClCompile Include="ImageManager.cpp">
      <Filter>Dx2D Framework\2.Manager\Manager</Filter>
    </ClCompile>
    <ClCompile Include="BattleDataBase.cpp">
      <Filter>소스 파일\_NEW</Filter>
    </ClCompile>
    <ClCompile Include="EllipseBase.cpp">
      <Filter>Dx2D Framework\2.Manager\Manager\Ellipse</Filter>
    </ClCompile>
    <ClCompile Include="EllipseCol.cpp">
      <Filter>Dx2D Framework\2.Manager\Manager\Ellipse</Filter>
    </ClCompile>
    <ClCompile Include="Bullet.cpp">
      <Filter>Dx2D Framework\2.Manager\Manager\Bullet</Filter>
    </ClCompile>
    <ClCompile Include="BulletManager.cpp">
      <Filter>Dx2D Framework\2.Manager\Manager\Bullet</Filter>
    </ClCompile>
    <ClCompile Include="GriffonDoll.cpp">
      <Filter>소스 파일\TacDoll\GRF\_BASE</Filter>
    </ClCompile>
    <ClCompile Include="IOPtaticDoll.cpp">
      <Filter>소스 파일\TacDoll\GRF\_BASE</Filter>
    </ClCompile>
    <ClCompile Include="NTW20.cpp">
      <Filter>소스 파일\TacDoll\GRF\UNIT\SR</Filter>
    </ClCompile>
    <ClCompile Include="FNFAL.cpp">
      <Filter>소스 파일\TacDoll\GRF\UNIT\AR</Filter>
    </ClCompile>
    <ClCompile Include="TaticDollBase.cpp">
      <Filter>소스 파일\TacDoll\_BASE</Filter>
    </ClCompile>
    <ClCompile Include="SNVtacDoll.cpp">
      <Filter>소스 파일\TacDoll\SNV\_BASE</Filter>
    </ClCompile>
    <ClCompile Include="Jaeger.cpp">
      <Filter>소스 파일\TacDoll\SNV\UNIT</Filter>
    </ClCompile>
    <ClCompile Include="Effect.cpp">
      <Filter>Dx2D Framework\2.Manager\Manager\Effect</Filter>
    </ClCompile>
    <ClCompile Include="EffectManager.cpp">
      <Filter>Dx2D Framework\2.Manager\Manager\Effect</Filter>
    </ClCompile>
    <ClCompile Include="SmokeBase.cpp">
      <Filter>Dx2D Framework\2.Manager\Smoke</Filter>
    </ClCompile>
    <ClCompile Include="stdafx.cpp">
      <Filter>헤더 파일\_UNUSED</Filter>
    </ClCompile>
    <ClCompile Include="Dx11_2D.cpp">
      <Filter>헤더 파일\_MAIN_</Filter>
    </ClCompile>
    <ClCompile Include="Player.cpp">
      <Filter>소스 파일\_NEW</Filter>
    </ClCompile>
    <ClCompile Include="TextBase.cpp">
      <Filter>헤더 파일\FIXING</Filter>
    </ClCompile>
    <ClCompile Include="TextManager.cpp">
      <Filter>헤더 파일\FIXING</Filter>
    </ClCompile>
    <ClCompile Include="StoryScene.cpp">
      <Filter>헤더 파일\FIXING</Filter>
    </ClCompile>
    <ClCompile Include="Direct2DManager.cpp">
      <Filter>헤더 파일\FIXING</Filter>
    </ClCompile>
    <ClCompile Include="VisualBar.cpp">
      <Filter>헤더 파일\FIXING</Filter>
    </ClCompile>
    <ClCompile Include="ARCHITECT.cpp">
      <Filter>헤더 파일</Filter>
    </ClCompile>
  </ItemGroup>
  <ItemGroup>
    <ResourceCompile Include="Dx11_2D.rc">
      <Filter>리소스 파일</Filter>
    </ResourceCompile>
  </ItemGroup>
  <ItemGroup>
    <Image Include="small.ico">
      <Filter>리소스 파일</Filter>
    </Image>
    <Image Include="Dx11_2D.ico">
      <Filter>리소스 파일</Filter>
    </Image>
  </ItemGroup>
  <ItemGroup>
    <None Include="..\..\_Shader\Rect.hlsl">
      <Filter>Dx2D Framework\0. ShaderFiles</Filter>
    </None>
    <None Include="..\..\_Shader\Effect.hlsl">
      <Filter>Dx2D Framework\0. ShaderFiles</Filter>
    </None>
    <None Include="..\..\_Shader\Sprite.hlsl">
      <Filter>Dx2D Framework\0. ShaderFiles</Filter>
    </None>
    <None Include="..\..\_Shader\Sprite2_alpha.hlsl">
      <Filter>Dx2D Framework\0. ShaderFiles</Filter>
    </None>
    <None Include="..\..\_Shader\Circle_Shader.hlsl">
      <Filter>Dx2D Framework\0. ShaderFiles</Filter>
    </None>
  </ItemGroup>
</Project>